
Microsoft Visual Studio Solution File, Format Version 12.00
# Visual Studio 2010
Project("{2150E333-8FDC-42A3-9474-1A3956D46DE8}") = ".nuget", ".nuget", "{AE036C51-F522-4F4F-8568-9FE84E25A002}"
	ProjectSection(SolutionItems) = preProject
		.nuget\NuGet.Config = .nuget\NuGet.Config
		.nuget\NuGet.exe = .nuget\NuGet.exe
		.nuget\NuGet.targets = .nuget\NuGet.targets
	EndProjectSection
EndProject
Project("{FAE04EC0-301F-11D3-BF4B-00C04F79EFBC}") = "Go2It", "src\Go2It.csproj", "{ABF4CE56-E282-42CD-B5AF-91487517944D}"
EndProject
Project("{FAE04EC0-301F-11D3-BF4B-00C04F79EFBC}") = "DotSpatial.SDR.Plugins.Navigate", "core\Plugins\DotSpatial.SDR.Plugins.Navigate\DotSpatial.SDR.Plugins.Navigate.csproj", "{7487EA28-0BE6-4632-A150-6AA981F88F02}"
EndProject
Project("{FAE04EC0-301F-11D3-BF4B-00C04F79EFBC}") = "DotSpatial.SDR.Controls", "core\Components\DotSpatial.SDR.Controls\DotSpatial.SDR.Controls.csproj", "{FF83AD42-DC0B-418B-944F-17FF9BCE36FE}"
EndProject
Project("{FAE04EC0-301F-11D3-BF4B-00C04F79EFBC}") = "SDR.Configuration", "core\Components\SDR.Configuration\SDR.Configuration.csproj", "{A93178A1-BA71-450F-8EA9-F5844A64478C}"
EndProject
Project("{FAE04EC0-301F-11D3-BF4B-00C04F79EFBC}") = "DotSpatial.SDR.Plugins.Search", "core\Plugins\DotSpatial.SDR.Plugins.Search\DotSpatial.SDR.Plugins.Search.csproj", "{2A654CAE-B1BA-422B-9177-D8F5DB3B7C43}"
EndProject
Project("{FAE04EC0-301F-11D3-BF4B-00C04F79EFBC}") = "DotSpatial.SDR.Plugins.Measure", "core\Plugins\DotSpatial.SDR.Plugins.Measure\DotSpatial.SDR.Plugins.Measure.csproj", "{93C9C779-903D-491F-AA1F-5BE25E4F5188}"
EndProject
Project("{FAE04EC0-301F-11D3-BF4B-00C04F79EFBC}") = "DotSpatial.Controls", "core\DotSpatial\Trunk\DotSpatial.Controls\DotSpatial.Controls.csproj", "{01A845C6-D391-4258-81B0-C6ABF23D3364}"
EndProject
Project("{FAE04EC0-301F-11D3-BF4B-00C04F79EFBC}") = "DotSpatial.Projections", "core\DotSpatial\Trunk\DotSpatial.Projections\DotSpatial.Projections.csproj", "{D286DF06-21FA-40BE-B384-6ACA509AC98C}"
EndProject
Global
	GlobalSection(SolutionConfigurationPlatforms) = preSolution
		Debug|Any CPU = Debug|Any CPU
		Debug|Mixed Platforms = Debug|Mixed Platforms
		Debug|x86 = Debug|x86
		Release|Any CPU = Release|Any CPU
		Release|Mixed Platforms = Release|Mixed Platforms
		Release|x86 = Release|x86
	EndGlobalSection
	GlobalSection(ProjectConfigurationPlatforms) = postSolution
		{ABF4CE56-E282-42CD-B5AF-91487517944D}.Debug|Any CPU.ActiveCfg = Debug|x86
		{ABF4CE56-E282-42CD-B5AF-91487517944D}.Debug|Mixed Platforms.ActiveCfg = Debug|x86
		{ABF4CE56-E282-42CD-B5AF-91487517944D}.Debug|Mixed Platforms.Build.0 = Debug|x86
		{ABF4CE56-E282-42CD-B5AF-91487517944D}.Debug|x86.ActiveCfg = Debug|x86
		{ABF4CE56-E282-42CD-B5AF-91487517944D}.Debug|x86.Build.0 = Debug|x86
		{ABF4CE56-E282-42CD-B5AF-91487517944D}.Release|Any CPU.ActiveCfg = Release|x86
		{ABF4CE56-E282-42CD-B5AF-91487517944D}.Release|Mixed Platforms.ActiveCfg = Release|x86
		{ABF4CE56-E282-42CD-B5AF-91487517944D}.Release|Mixed Platforms.Build.0 = Release|x86
		{ABF4CE56-E282-42CD-B5AF-91487517944D}.Release|x86.ActiveCfg = Release|x86
		{ABF4CE56-E282-42CD-B5AF-91487517944D}.Release|x86.Build.0 = Release|x86
		{7487EA28-0BE6-4632-A150-6AA981F88F02}.Debug|Any CPU.ActiveCfg = Debug|Any CPU
		{7487EA28-0BE6-4632-A150-6AA981F88F02}.Debug|Any CPU.Build.0 = Debug|Any CPU
		{7487EA28-0BE6-4632-A150-6AA981F88F02}.Debug|Mixed Platforms.ActiveCfg = Debug|Any CPU
		{7487EA28-0BE6-4632-A150-6AA981F88F02}.Debug|Mixed Platforms.Build.0 = Debug|Any CPU
		{7487EA28-0BE6-4632-A150-6AA981F88F02}.Debug|x86.ActiveCfg = Debug|Any CPU
		{7487EA28-0BE6-4632-A150-6AA981F88F02}.Release|Any CPU.ActiveCfg = Release|Any CPU
		{7487EA28-0BE6-4632-A150-6AA981F88F02}.Release|Any CPU.Build.0 = Release|Any CPU
		{7487EA28-0BE6-4632-A150-6AA981F88F02}.Release|Mixed Platforms.ActiveCfg = Release|Any CPU
		{7487EA28-0BE6-4632-A150-6AA981F88F02}.Release|Mixed Platforms.Build.0 = Release|Any CPU
		{7487EA28-0BE6-4632-A150-6AA981F88F02}.Release|x86.ActiveCfg = Release|Any CPU
		{FF83AD42-DC0B-418B-944F-17FF9BCE36FE}.Debug|Any CPU.ActiveCfg = Debug|Any CPU
		{FF83AD42-DC0B-418B-944F-17FF9BCE36FE}.Debug|Any CPU.Build.0 = Debug|Any CPU
		{FF83AD42-DC0B-418B-944F-17FF9BCE36FE}.Debug|Mixed Platforms.ActiveCfg = Debug|Any CPU
		{FF83AD42-DC0B-418B-944F-17FF9BCE36FE}.Debug|Mixed Platforms.Build.0 = Debug|Any CPU
		{FF83AD42-DC0B-418B-944F-17FF9BCE36FE}.Debug|x86.ActiveCfg = Debug|Any CPU
		{FF83AD42-DC0B-418B-944F-17FF9BCE36FE}.Release|Any CPU.ActiveCfg = Release|Any CPU
		{FF83AD42-DC0B-418B-944F-17FF9BCE36FE}.Release|Any CPU.Build.0 = Release|Any CPU
		{FF83AD42-DC0B-418B-944F-17FF9BCE36FE}.Release|Mixed Platforms.ActiveCfg = Release|Any CPU
		{FF83AD42-DC0B-418B-944F-17FF9BCE36FE}.Release|Mixed Platforms.Build.0 = Release|Any CPU
		{FF83AD42-DC0B-418B-944F-17FF9BCE36FE}.Release|x86.ActiveCfg = Release|Any CPU
		{A93178A1-BA71-450F-8EA9-F5844A64478C}.Debug|Any CPU.ActiveCfg = Debug|Any CPU
		{A93178A1-BA71-450F-8EA9-F5844A64478C}.Debug|Any CPU.Build.0 = Debug|Any CPU
		{A93178A1-BA71-450F-8EA9-F5844A64478C}.Debug|Mixed Platforms.ActiveCfg = Debug|Any CPU
		{A93178A1-BA71-450F-8EA9-F5844A64478C}.Debug|Mixed Platforms.Build.0 = Debug|Any CPU
		{A93178A1-BA71-450F-8EA9-F5844A64478C}.Debug|x86.ActiveCfg = Debug|Any CPU
		{A93178A1-BA71-450F-8EA9-F5844A64478C}.Release|Any CPU.ActiveCfg = Release|Any CPU
		{A93178A1-BA71-450F-8EA9-F5844A64478C}.Release|Any CPU.Build.0 = Release|Any CPU
		{A93178A1-BA71-450F-8EA9-F5844A64478C}.Release|Mixed Platforms.ActiveCfg = Release|Any CPU
		{A93178A1-BA71-450F-8EA9-F5844A64478C}.Release|Mixed Platforms.Build.0 = Release|Any CPU
		{A93178A1-BA71-450F-8EA9-F5844A64478C}.Release|x86.ActiveCfg = Release|Any CPU
		{2A654CAE-B1BA-422B-9177-D8F5DB3B7C43}.Debug|Any CPU.ActiveCfg = Debug|Any CPU
		{2A654CAE-B1BA-422B-9177-D8F5DB3B7C43}.Debug|Any CPU.Build.0 = Debug|Any CPU
		{2A654CAE-B1BA-422B-9177-D8F5DB3B7C43}.Debug|Mixed Platforms.ActiveCfg = Debug|Any CPU
		{2A654CAE-B1BA-422B-9177-D8F5DB3B7C43}.Debug|Mixed Platforms.Build.0 = Debug|Any CPU
		{2A654CAE-B1BA-422B-9177-D8F5DB3B7C43}.Debug|x86.ActiveCfg = Debug|Any CPU
		{2A654CAE-B1BA-422B-9177-D8F5DB3B7C43}.Release|Any CPU.ActiveCfg = Release|Any CPU
		{2A654CAE-B1BA-422B-9177-D8F5DB3B7C43}.Release|Any CPU.Build.0 = Release|Any CPU
		{2A654CAE-B1BA-422B-9177-D8F5DB3B7C43}.Release|Mixed Platforms.ActiveCfg = Release|Any CPU
		{2A654CAE-B1BA-422B-9177-D8F5DB3B7C43}.Release|Mixed Platforms.Build.0 = Release|Any CPU
		{2A654CAE-B1BA-422B-9177-D8F5DB3B7C43}.Release|x86.ActiveCfg = Release|Any CPU
		{93C9C779-903D-491F-AA1F-5BE25E4F5188}.Debug|Any CPU.ActiveCfg = Debug|Any CPU
		{93C9C779-903D-491F-AA1F-5BE25E4F5188}.Debug|Any CPU.Build.0 = Debug|Any CPU
		{93C9C779-903D-491F-AA1F-5BE25E4F5188}.Debug|Mixed Platforms.ActiveCfg = Debug|Any CPU
		{93C9C779-903D-491F-AA1F-5BE25E4F5188}.Debug|Mixed Platforms.Build.0 = Debug|Any CPU
		{93C9C779-903D-491F-AA1F-5BE25E4F5188}.Debug|x86.ActiveCfg = Debug|Any CPU
		{93C9C779-903D-491F-AA1F-5BE25E4F5188}.Release|Any CPU.ActiveCfg = Release|Any CPU
		{93C9C779-903D-491F-AA1F-5BE25E4F5188}.Release|Any CPU.Build.0 = Release|Any CPU
		{93C9C779-903D-491F-AA1F-5BE25E4F5188}.Release|Mixed Platforms.ActiveCfg = Release|Any CPU
		{93C9C779-903D-491F-AA1F-5BE25E4F5188}.Release|Mixed Platforms.Build.0 = Release|Any CPU
		{93C9C779-903D-491F-AA1F-5BE25E4F5188}.Release|x86.ActiveCfg = Release|Any CPU
		{01A845C6-D391-4258-81B0-C6ABF23D3364}.Debug|Any CPU.ActiveCfg = Debug|Any CPU
		{01A845C6-D391-4258-81B0-C6ABF23D3364}.Debug|Any CPU.Build.0 = Debug|Any CPU
		{01A845C6-D391-4258-81B0-C6ABF23D3364}.Debug|Mixed Platforms.ActiveCfg = Debug|Any CPU
		{01A845C6-D391-4258-81B0-C6ABF23D3364}.Debug|Mixed Platforms.Build.0 = Debug|Any CPU
		{01A845C6-D391-4258-81B0-C6ABF23D3364}.Debug|x86.ActiveCfg = Debug|Any CPU
		{01A845C6-D391-4258-81B0-C6ABF23D3364}.Release|Any CPU.ActiveCfg = Release|Any CPU
		{01A845C6-D391-4258-81B0-C6ABF23D3364}.Release|Any CPU.Build.0 = Release|Any CPU
		{01A845C6-D391-4258-81B0-C6ABF23D3364}.Release|Mixed Platforms.ActiveCfg = Release|Any CPU
		{01A845C6-D391-4258-81B0-C6ABF23D3364}.Release|Mixed Platforms.Build.0 = Release|Any CPU
		{01A845C6-D391-4258-81B0-C6ABF23D3364}.Release|x86.ActiveCfg = Release|Any CPU
		{D286DF06-21FA-40BE-B384-6ACA509AC98C}.Debug|Any CPU.ActiveCfg = Debug|Any CPU
		{D286DF06-21FA-40BE-B384-6ACA509AC98C}.Debug|Any CPU.Build.0 = Debug|Any CPU
		{D286DF06-21FA-40BE-B384-6ACA509AC98C}.Debug|Mixed Platforms.ActiveCfg = Debug|Any CPU
		{D286DF06-21FA-40BE-B384-6ACA509AC98C}.Debug|Mixed Platforms.Build.0 = Debug|Any CPU
		{D286DF06-21FA-40BE-B384-6ACA509AC98C}.Debug|x86.ActiveCfg = Debug|Any CPU
		{D286DF06-21FA-40BE-B384-6ACA509AC98C}.Release|Any CPU.ActiveCfg = Release|Any CPU
		{D286DF06-21FA-40BE-B384-6ACA509AC98C}.Release|Any CPU.Build.0 = Release|Any CPU
		{D286DF06-21FA-40BE-B384-6ACA509AC98C}.Release|Mixed Platforms.ActiveCfg = Release|Any CPU
		{D286DF06-21FA-40BE-B384-6ACA509AC98C}.Release|Mixed Platforms.Build.0 = Release|Any CPU
		{D286DF06-21FA-40BE-B384-6ACA509AC98C}.Release|x86.ActiveCfg = Release|Any CPU
	EndGlobalSection
	GlobalSection(SolutionProperties) = preSolution
		HideSolutionNode = FALSE
	EndGlobalSection
	GlobalSection(ExtensibilityGlobals) = postSolution
		EnterpriseLibraryConfigurationToolBinariesPath = packages\Unity.2.1.505.2\lib\NET35
	EndGlobalSection
EndGlobal
