
Microsoft Visual Studio Solution File, Format Version 11.00
# Visual Studio 2010
Project("{FAE04EC0-301F-11D3-BF4B-00C04F79EFBC}") = "reggen", "reggen.csproj", "{C38F5512-460B-4617-855A-66C998E05F1D}"
EndProject
Global
	GlobalSection(SolutionConfigurationPlatforms) = preSolution
		Debug|Any CPU = Debug|Any CPU
		Release|Any CPU = Release|Any CPU
	EndGlobalSection
	GlobalSection(ProjectConfigurationPlatforms) = postSolution
		{C38F5512-460B-4617-855A-66C998E05F1D}.Debug|Any CPU.ActiveCfg = Debug|Any CPU
		{C38F5512-460B-4617-855A-66C998E05F1D}.Debug|Any CPU.Build.0 = Debug|Any CPU
		{C38F5512-460B-4617-855A-66C998E05F1D}.Release|Any CPU.ActiveCfg = Release|Any CPU
		{C38F5512-460B-4617-855A-66C998E05F1D}.Release|Any CPU.Build.0 = Release|Any CPU
	EndGlobalSection
	GlobalSection(SolutionProperties) = preSolution
		HideSolutionNode = FALSE
	EndGlobalSection
EndGlobal
